Microsoft Visual Studio Solution File, Format Version 12.00
# Visual Studio Version 17
VisualStudioVersion = 17.5.2.0
MinimumVisualStudioVersion = 10.0.40219.1
Project("{FAE04EC0-301F-11D3-BF4B-00C04F79EFBC}") = "ems", "ems.csproj", "{AE41A0A9-3138-4795-74CE-C016E4F903BA}"
EndProject
Global
	GlobalSection(SolutionConfigurationPlatforms) = preSolution
		Debug|Any CPU = Debug|Any CPU
		Release|Any CPU = Release|Any CPU
	EndGlobalSection
	GlobalSection(ProjectConfigurationPlatforms) = postSolution
		{AE41A0A9-3138-4795-74CE-C016E4F903BA}.Debug|Any CPU.ActiveCfg = Debug|Any CPU
		{AE41A0A9-3138-4795-74CE-C016E4F903BA}.Debug|Any CPU.Build.0 = Debug|Any CPU
		{AE41A0A9-3138-4795-74CE-C016E4F903BA}.Release|Any CPU.ActiveCfg = Release|Any CPU
		{AE41A0A9-3138-4795-74CE-C016E4F903BA}.Release|Any CPU.Build.0 = Release|Any CPU
	EndGlobalSection
	GlobalSection(SolutionProperties) = preSolution
		HideSolutionNode = FALSE
	EndGlobalSection
	GlobalSection(ExtensibilityGlobals) = postSolution
		SolutionGuid = {E31E774B-BE87-423C-B14D-5830A0A791B3}
	EndGlobalSection
EndGlobal
